<Solution>
  <Folder Name="/.github/">
    <File Path=".github/FUNDING.yml" />
  </Folder>
  <Folder Name="/.github/issue_templates/">
    <File Path=".github/ISSUE_TEMPLATE/bug-report-zh.yml" />
    <File Path=".github/ISSUE_TEMPLATE/bug-report.yml" />
    <File Path=".github/ISSUE_TEMPLATE/feature-request-zh.yml" />
    <File Path=".github/ISSUE_TEMPLATE/feature-request.yml" />
  </Folder>
  <Folder Name="/.github/workflows/">
    <File Path=".github/workflows/close-stale-issues.yml" />
    <File Path=".github/workflows/linux-release.yml" />
    <File Path=".github/workflows/macos-release.yml" />
    <File Path=".github/workflows/sync-i18n.yml" />
    <File Path=".github/workflows/windows-release.yml" />
  </Folder>
  <Folder Name="/3rd/">
    <Project Path="3rd/EverythingNetCore/EverythingNet/EverythingNet.csproj" />
    <Project Path="3rd/shad-ui/src/ShadUI/ShadUI.csproj" />
    <Project Path="3rd/WritableJsonConfiguration/src/WritableJsonConfiguration/WritableJsonConfiguration.csproj" />
  </Folder>
  <Folder Name="/3rd/MessagePack/">
    <Project Path="3rd/MessagePack-CSharp/src/MessagePack.Analyzers.CodeFixes/MessagePack.Analyzers.CodeFixes.csproj" />
    <Project Path="3rd/MessagePack-CSharp/src/MessagePack.Analyzers/MessagePack.Analyzers.csproj" />
    <Project Path="3rd/MessagePack-CSharp/src/MessagePack.Annotations/MessagePack.Annotations.csproj" />
    <Project Path="3rd/MessagePack-CSharp/src/MessagePack.SourceGenerator/MessagePack.SourceGenerator.csproj" />
    <Project Path="3rd/MessagePack-CSharp/src/MessagePack/MessagePack.csproj" />
  </Folder>
  <Folder Name="/3rd/Porta.Pty/">
    <Project Path="3rd/Porta.Pty/src/Porta.Pty.Native/Porta.Pty.Native.csproj" />
    <Project Path="3rd/Porta.Pty/src/Porta.Pty.Tests/Porta.Pty.Tests.csproj" />
    <Project Path="3rd/Porta.Pty/src/Porta.Pty/Porta.Pty.csproj" />
  </Folder>
  <Folder Name="/3rd/SemanticKernel/">
    <File Path="3rd/semantic-kernel-patch/README.md" />
    <Project Path="3rd/semantic-kernel-patch/Connectors.Google/Connectors.Google.csproj" />
  </Folder>
  <Folder Name="/Solution Items/">
    <File Path=".gitattributes" />
    <File Path=".gitignore" />
    <File Path=".gitmodules" />
    <File Path="CHANGELOG.md" />
    <File Path="DATA_AND_PRIVACY.md" />
    <File Path="Directory.Build.props" />
    <File Path="Directory.Packages.props" />
    <File Path="global.json" />
    <File Path="nuget.config" />
    <File Path="README-zh-cn.md" />
    <File Path="README.md" />
    <File Path="Settings.XamlStyler" />
    <File Path="ThirdPartyNotices.txt" />
  </Folder>
  <Folder Name="/patches/">
    <Project Path="patches/Everywhere.BuildTask.Patcher/Everywhere.BuildTask.Patcher.csproj" />
    <Project Path="patches/Everywhere.Patches.Avalonia.Base/Everywhere.Patches.Avalonia.Base.csproj" />
    <Project Path="patches/Everywhere.Patches.Avalonia.Controls/Everywhere.Patches.Avalonia.Controls.csproj" />
    <Project Path="patches/Everywhere.Patches.Avalonia.Native/Everywhere.Patches.Avalonia.Native.csproj" />
    <Project Path="patches/Everywhere.Patches.AvaloniaEdit/Everywhere.Patches.AvaloniaEdit.csproj" />
    <Project Path="patches/Everywhere.Patches.SemanticKernel/Everywhere.Patches.SemanticKernel.csproj" />
  </Folder>
  <Folder Name="/Targets/">
    <File Path="src/Build.Generate.Cloud.targets" />
    <File Path="src/Build.Generate.Telemetry.targets" />
    <File Path="src/Build.Generate.Versioning.targets" />
    <File Path="src/Build.Watchdog.targets" />
  </Folder>
  <Folder Name="/tests/">
    <Project Path="3rd/WritableJsonConfiguration/src/WritableJsonConfiguration.Tests/WritableJsonConfiguration.Tests.csproj" />
    <Project Path="tests/Everywhere.Abstractions.Tests/Everywhere.Abstractions.Tests.csproj" />
    <Project Path="tests/Everywhere.Core.Tests/Everywhere.Core.Tests.csproj" />
    <Project Path="tests/Everywhere.Terminal.TestApp/Everywhere.Terminal.TestApp.csproj" />
  </Folder>
  <Folder Name="/tools/">
    <File Path="tools/build_vcproj.ps1" />
    <File Path="tools/installer.iss" />
    <File Path="tools/sync_i18n.py" />
    <File Path="tools/visual_tree_debugger.html" />
  </Folder>
  <Project Path="src/Everywhere.Abstractions/Everywhere.Abstractions.csproj" />
  <Project Path="src/Everywhere.Cloud/Everywhere.Cloud.csproj" />
  <Project Path="src/Everywhere.Configuration.SourceGenerator/Everywhere.Configuration.SourceGenerator.csproj" />
  <Project Path="src/Everywhere.Core/Everywhere.Core.csproj" />
  <Project Path="src/Everywhere.I18N.SourceGenerator/Everywhere.I18N.SourceGenerator.csproj" />
  <Project Path="src/Everywhere.I18N/Everywhere.I18N.csproj" />
  <Project Path="src/Everywhere.Linux/Everywhere.Linux.csproj" />
  <Project Path="src/Everywhere.Mac/Everywhere.Mac.csproj" />
  <Project Path="src/Everywhere.Watchdog/Everywhere.Watchdog.csproj" />
  <Project Path="src/Everywhere.Windows/Everywhere.Windows.csproj" />
</Solution>
